
Microsoft Visual Studio Solution File, Format Version 12.00
# Visual Studio Version 16
VisualStudioVersion = 16.0.30717.126
MinimumVisualStudioVersion = 10.0.40219.1
Project("{FAE04EC0-301F-11D3-BF4B-00C04F79EFBC}") = "ConsoleApp27", "ConsoleApp27\ConsoleApp27.csproj", "{14A2408F-3FD2-4A50-BD0E-C4FEB2CF0F6C}"
EndProject
Global
	GlobalSection(SolutionConfigurationPlatforms) = preSolution
		Debug|Any CPU = Debug|Any CPU
		Release|Any CPU = Release|Any CPU
	EndGlobalSection
	GlobalSection(ProjectConfigurationPlatforms) = postSolution
		{14A2408F-3FD2-4A50-BD0E-C4FEB2CF0F6C}.Debug|Any CPU.ActiveCfg = Debug|Any CPU
		{14A2408F-3FD2-4A50-BD0E-C4FEB2CF0F6C}.Debug|Any CPU.Build.0 = Debug|Any CPU
		{14A2408F-3FD2-4A50-BD0E-C4FEB2CF0F6C}.Release|Any CPU.ActiveCfg = Release|Any CPU
		{14A2408F-3FD2-4A50-BD0E-C4FEB2CF0F6C}.Release|Any CPU.Build.0 = Release|Any CPU
	EndGlobalSection
	GlobalSection(SolutionProperties) = preSolution
		HideSolutionNode = FALSE
	EndGlobalSection
	GlobalSection(ExtensibilityGlobals) = postSolution
		SolutionGuid = {0CC82294-0A97-44AB-9BFB-D4721FF2BE06}
	EndGlobalSection
EndGlobal
